<Project xmlns="http://schemas.microsoft.com/developer/msbuild/2003">
    <PropertyGroup>
        <ProjectGuid>{1A3A8A85-9E3A-46E4-9479-1A933DEDE557}</ProjectGuid>
        <ProjectVersion>20.1</ProjectVersion>
        <FrameworkType>None</FrameworkType>
        <Base>True</Base>
        <Config Condition="'$(Config)'==''">Debug</Config>
        <Platform Condition="'$(Platform)'==''">Win32</Platform>
        <ProjectName Condition="'$(ProjectName)'==''">FerySisTests</ProjectName>
        <TargetedPlatforms>1</TargetedPlatforms>
        <AppType>Console</AppType>
        <MainSource>FerySisTests.dpr</MainSource>
    </PropertyGroup>
    <PropertyGroup Condition="'$(Config)'=='Base' or '$(Base)'!=''">
        <Base>true</Base>
    </PropertyGroup>
    <PropertyGroup Condition="('$(Platform)'=='Win32' and '$(Base)'=='true') or '$(Base_Win32)'!=''">
        <Base_Win32>true</Base_Win32>
        <CfgParent>Base</CfgParent>
        <Base>true</Base>
    </PropertyGroup>
    <PropertyGroup Condition="('$(Platform)'=='Win64' and '$(Base)'=='true') or '$(Base_Win64)'!=''">
        <Base_Win64>true</Base_Win64>
        <CfgParent>Base</CfgParent>
        <Base>true</Base>
    </PropertyGroup>
    <PropertyGroup Condition="'$(Config)'=='Debug' or '$(Cfg_1)'!=''">
        <Cfg_1>true</Cfg_1>
        <CfgParent>Base</CfgParent>
        <Base>true</Base>
    </PropertyGroup>
    <PropertyGroup Condition="('$(Platform)'=='Win32' and '$(Cfg_1)'=='true') or '$(Cfg_1_Win32)'!=''">
        <Cfg_1_Win32>true</Cfg_1_Win32>
        <CfgParent>Cfg_1</CfgParent>
        <Cfg_1>true</Cfg_1>
        <Base>true</Base>
    </PropertyGroup>
    <PropertyGroup Condition="'$(Config)'=='Release' or '$(Cfg_2)'!=''">
        <Cfg_2>true</Cfg_2>
        <CfgParent>Base</CfgParent>
        <Base>true</Base>
    </PropertyGroup>
    <PropertyGroup Condition="'$(Base)'!=''">
        <DCC_DcuOutput>.</DCC_DcuOutput>
        <DCC_ExeOutput>.\$(Platform)\$(Config)</DCC_ExeOutput>
        <DCC_E>false</DCC_E>
        <DCC_N>false</DCC_N>
        <DCC_S>false</DCC_S>
        <DCC_F>false</DCC_F>
        <DCC_K>false</DCC_K>
        <DCC_Namespace>System;Xml;Data;Datasnap;Web;Soap;Vcl;Vcl.Imaging;Vcl.Touch;Vcl.Samples;Vcl.Shell;$(DCC_Namespace)</DCC_Namespace>
        <DCC_UnitSearchPath>$(BDS)\Source\DUnit\src;$(DCC_UnitSearchPath)</DCC_UnitSearchPath>
        <DCC_Define>CONSOLE_TESTRUNNER;$(DCC_Define)</DCC_Define>
    </PropertyGroup>
    <PropertyGroup Condition="'$(Base_Win32)'!=''">
        <DCC_UsePackage>vclwinx;fs29;fmx;FMXfrLanguageSlovak29;vclie;DbxCommonDriver;bindengine;IndyIPCommon;VCLRESTComponents;FireDACCommonODBC;FMXfrCoreLibrary29;appanalytics;IndyProtocols;vclx;Skia.Package.RTL;frxADOQueryBuilder29;dbxcds;vcledge;fcxp29;frLanguageSlovak29;frLanguageHungarian29;FMXfrLanguageLatvian29;FMXfrLanguageUkrainian29;FMXfrLanguageDutch29;vclribbon;FireDACSqliteDriver;DbxClientDriver;soapmidas;frLanguageArabic29;frCoreLibrary29;dbexpress;frLanguageCatalon29;frxFDQueryBuilder29;frLanguageBrazil29;frLanguageCzech29;FMXfrxDBX29;FMXfrLanguageSwiss29;inet;vcltouch;fmxdae;FMXfrLanguageTurkish29;CustomIPTransport;ZCore;FMXfrLanguageBrazil129;FMXfrLanguageCzech29;ZParseSql;frLanguageItalian29;FMXfsDB29;frxPDF29;fqbFD29;frLanguageSwiss29;IndySystem;FMXfsADO29;frxe29;frLanguageSwedish29;FMXfrLanguagePolish29;frLanguageUkrainian29;fsDB29;vclFireDAC;FireDACCommon;frLanguageDanish29;ZComponent;bindcompdbx;fcx29;FMXfrLanguageLithuanian29;rtl;FireDACMySQLDriver;FMXfrLanguageGerman29;fqb29;StyledAnimatedComponents;frLanguageLithuanian29;DBXSqliteDriver;frLanguageFrench29;frLanguageRussian29;frxSM29;vclimg;FMXfrLanguageBrazil229;inetdbxpress;FireDAC;xmlrtl;dsnap;frFDDataLibrary29;frLanguageSerbian29;FMXfrLanguageRussian29;frLanguageFarsi29;FMXfrLanguageFrench29;fmxobj;bindcompvclsmp;frx29;FMXfrLanguageHebrew29;FMXfrLanguageCroatian29;frLanguageChinese29;frControlsLibrary29;frxQueryBuilder29;FMXfrxADO29;frxIntIOIndy29;frLanguageHebrew29;fqbADO29;FMXfrLanguageBulgarian29;FMXfrxCDS29;frxDB29;fqbDBX29;frLocalizationLibrary29;FireDACCommonDriver;FMXfcxd29;IndyIPClient;frxHTML29;bindcompvclwinx;frLanguageTaiwan29;FMXfrLanguageArabic29;bindcompfmx;frxDBXQueryBuilder29;frLanguageRomanian29;frLanguageGerman29;inetdb;FMXfrLanguageItalian29;frLanguageIndonesian29;FMXfrLanguageSpanish29;FMXfcxed29;frLanguageBrazil229;vclactnband;FMXfrxDB29;fmxFireDAC;frLanguageCroatian29;DBXMySQLDriver;FMXfs29;fsADO29;VclSmp;FMXfrxFD29;fmxase;FMXfrLanguageFarsi29;FMXfrLanguageTaiwan29;dbrtl;Skia.Package.FMX;FMXfrLanguageChinese29;FMXfrLanguagePortuguese29;FireDACMSAccDriver;frxcs29;FMXfrLanguageJapanese29;frLanguageSlovene29;frADODataLibrary29;frLanguageTurkish29;vcldsnap;DBXInterBaseDriver;fcxe29;frLanguageGreek29;Skia.Package.VCL;frLanguageBrazil129;vcldb;FMXfrLanguageCatalon29;StyledComponents;FMXfrLanguageHungarian29;bindcomp;frLanguageLatvian29;IndyCore;RESTBackendComponents;ZPlain;frxIntIO29;frLanguageSpanish29;FMXfrx29;frLanguageJapanese29;frSmartMemo29;FireDACADSDriver;frxFD29;RESTComponents;FMXfrLanguageDanish29;IndyIPServer;vcl;dsnapxml;adortl;dsnapcon;FMXfrLanguageSlovene29;fsFD29;FMXfrLanguageSerbian29;FMXfrxe29;frxADO29;FMXfrLanguageIndonesian29;FMXfrLanguageSwedish29;frLanguageDutch29;FireDACPgDriver;fqbSM29;frLanguagePortuguese29;tethering;frLanguageBulgarian29;ZDbc;frLanguagePolish29;bindcompvcl;frxDBX29;FMXfrLanguageBrazil29;CloudService;FMXfrLanguageGreek29;FMXfcxpd29;FMXfrLocalizationLibrary29;frGraphicsLibrary29;soaprtl;FMXfrLanguageRomanian29;soapserver;FireDACIBDriver;$(DCC_UsePackage)</DCC_UsePackage>
        <DCC_Namespace>Winapi;System.Win;Data.Win;Datasnap.Win;Web.Win;Soap.Win;Xml.Win;Bde;$(DCC_Namespace)</DCC_Namespace>
        <BT_BuildType>Debug</BT_BuildType>
        <VerInfo_Keys>CompanyName=;FileDescription=$(MSBuildProjectName);FileVersion=1.0.0.0;InternalName=;LegalCopyright=;LegalTrademarks=;OriginalFilename=;ProgramID=com.embarcadero.$(MSBuildProjectName);ProductName=$(MSBuildProjectName);ProductVersion=1.0.0.0;Comments=</VerInfo_Keys>
        <VerInfo_Locale>1033</VerInfo_Locale>
    </PropertyGroup>
    <PropertyGroup Condition="'$(Base_Win64)'!=''">
        <DCC_UsePackage>vclwinx;fs29;fmx;FMXfrLanguageSlovak29;vclie;DbxCommonDriver;bindengine;IndyIPCommon;VCLRESTComponents;FireDACCommonODBC;FMXfrCoreLibrary29;appanalytics;IndyProtocols;vclx;frxADOQueryBuilder29;dbxcds;vcledge;fcxp29;frLanguageSlovak29;frLanguageHungarian29;FMXfrLanguageLatvian29;FMXfrLanguageUkrainian29;FMXfrLanguageDutch29;vclribbon;FireDACSqliteDriver;DbxClientDriver;soapmidas;frLanguageArabic29;frCoreLibrary29;dbexpress;frLanguageCatalon29;frxFDQueryBuilder29;frLanguageBrazil29;frLanguageCzech29;FMXfrxDBX29;FMXfrLanguageSwiss29;inet;vcltouch;fmxdae;FMXfrLanguageTurkish29;CustomIPTransport;ZCore;FMXfrLanguageBrazil129;FMXfrLanguageCzech29;ZParseSql;frLanguageItalian29;FMXfsDB29;frxPDF29;fqbFD29;frLanguageSwiss29;IndySystem;FMXfsADO29;frxe29;frLanguageSwedish29;FMXfrLanguagePolish29;frLanguageUkrainian29;fsDB29;vclFireDAC;FireDACCommon;frLanguageDanish29;ZComponent;bindcompdbx;fcx29;FMXfrLanguageLithuanian29;rtl;FireDACMySQLDriver;FMXfrLanguageGerman29;fqb29;StyledAnimatedComponents;frLanguageLithuanian29;DBXSqliteDriver;frLanguageFrench29;frLanguageRussian29;frxSM29;vclimg;FMXfrLanguageBrazil229;inetdbxpress;FireDAC;xmlrtl;dsnap;frFDDataLibrary29;frLanguageSerbian29;FMXfrLanguageRussian29;frLanguageFarsi29;FMXfrLanguageFrench29;fmxobj;bindcompvclsmp;frx29;FMXfrLanguageHebrew29;FMXfrLanguageCroatian29;frLanguageChinese29;frControlsLibrary29;frxQueryBuilder29;FMXfrxADO29;frxIntIOIndy29;frLanguageHebrew29;fqbADO29;FMXfrLanguageBulgarian29;FMXfrxCDS29;frxDB29;fqbDBX29;frLocalizationLibrary29;FireDACCommonDriver;FMXfcxd29;IndyIPClient;frxHTML29;bindcompvclwinx;frLanguageTaiwan29;FMXfrLanguageArabic29;bindcompfmx;frxDBXQueryBuilder29;frLanguageRomanian29;frLanguageGerman29;inetdb;FMXfrLanguageItalian29;frLanguageIndonesian29;FMXfrLanguageSpanish29;FMXfcxed29;frLanguageBrazil229;vclactnband;FMXfrxDB29;fmxFireDAC;frLanguageCroatian29;DBXMySQLDriver;FMXfs29;fsADO29;VclSmp;FMXfrxFD29;fmxase;FMXfrLanguageFarsi29;FMXfrLanguageTaiwan29;dbrtl;FMXfrLanguageChinese29;FMXfrLanguagePortuguese29;FireDACMSAccDriver;frxcs29;FMXfrLanguageJapanese29;frLanguageSlovene29;frADODataLibrary29;frLanguageTurkish29;vcldsnap;DBXInterBaseDriver;fcxe29;frLanguageGreek29;Skia.Package.VCL;frLanguageBrazil129;vcldb;FMXfrLanguageCatalon29;StyledComponents;FMXfrLanguageHungarian29;bindcomp;frLanguageLatvian29;IndyCore;RESTBackendComponents;ZPlain;frxIntIO29;frLanguageSpanish29;FMXfrx29;frLanguageJapanese29;frSmartMemo29;FireDACADSDriver;frxFD29;RESTComponents;FMXfrLanguageDanish29;IndyIPServer;vcl;dsnapxml;adortl;dsnapcon;FMXfrLanguageSlovene29;fsFD29;FMXfrLanguageSerbian29;FMXfrxe29;frxADO29;FMXfrLanguageIndonesian29;FMXfrLanguageSwedish29;frLanguageDutch29;FireDACPgDriver;fqbSM29;frLanguagePortuguese29;tethering;frLanguageBulgarian29;ZDbc;frLanguagePolish29;bindcompvcl;frxDBX29;FMXfrLanguageBrazil29;CloudService;FMXfrLanguageGreek29;FMXfcxpd29;FMXfrLocalizationLibrary29;frGraphicsLibrary29;soaprtl;FMXfrLanguageRomanian29;soapserver;FireDACIBDriver;$(DCC_UsePackage)</DCC_UsePackage>
    </PropertyGroup>
    <PropertyGroup Condition="'$(Cfg_1)'!=''">
        <DCC_Define>DEBUG;$(DCC_Define)</DCC_Define>
        <DCC_DebugDCUs>true</DCC_DebugDCUs>
        <DCC_Optimize>false</DCC_Optimize>
        <DCC_GenerateStackFrames>true</DCC_GenerateStackFrames>
        <DCC_DebugInfoInExe>true</DCC_DebugInfoInExe>
        <DCC_RemoteDebug>true</DCC_RemoteDebug>
        <DCC_IntegerOverflowCheck>true</DCC_IntegerOverflowCheck>
        <DCC_RangeChecking>true</DCC_RangeChecking>
    </PropertyGroup>
    <PropertyGroup Condition="'$(Cfg_1_Win32)'!=''">
        <DCC_RemoteDebug>false</DCC_RemoteDebug>
    </PropertyGroup>
    <PropertyGroup Condition="'$(Cfg_2)'!=''">
        <DCC_LocalDebugSymbols>false</DCC_LocalDebugSymbols>
        <DCC_Define>RELEASE;$(DCC_Define)</DCC_Define>
        <DCC_SymbolReferenceInfo>0</DCC_SymbolReferenceInfo>
        <DCC_DebugInformation>0</DCC_DebugInformation>
    </PropertyGroup>
    <ItemGroup>
        <DelphiCompile Include="$(MainSource)">
            <MainSource>MainSource</MainSource>
        </DelphiCompile>
        <BuildConfiguration Include="Base">
            <Key>Base</Key>
        </BuildConfiguration>
        <BuildConfiguration Include="Debug">
            <Key>Cfg_1</Key>
            <CfgParent>Base</CfgParent>
        </BuildConfiguration>
        <BuildConfiguration Include="Release">
            <Key>Cfg_2</Key>
            <CfgParent>Base</CfgParent>
        </BuildConfiguration>
    </ItemGroup>
    <ProjectExtensions>
        <Borland.Personality>Delphi.Personality.12</Borland.Personality>
        <Borland.ProjectType>Application</Borland.ProjectType>
        <BorlandProject>
            <Delphi.Personality>
                <Source>
                    <Source Name="MainSource">FerySisTests.dpr</Source>
                </Source>
            </Delphi.Personality>
            <Deployment Version="4"/>
            <Platforms>
                <Platform value="Win32">True</Platform>
                <Platform value="Win64">False</Platform>
            </Platforms>
            <UnitTesting>
                <TestFramework>DUnit / Delphi Win32</TestFramework>
                <TestRunner>Console</TestRunner>
                <SourceProjectName>D:\zferysis\Project\FerySis.dproj</SourceProjectName>
            </UnitTesting>
        </BorlandProject>
        <ProjectFileVersion>12</ProjectFileVersion>
    </ProjectExtensions>
    <Import Project="$(BDS)\Bin\CodeGear.Delphi.Targets" Condition="Exists('$(BDS)\Bin\CodeGear.Delphi.Targets')"/>
    <Import Project="$(APPDATA)\Embarcadero\$(BDSAPPDATABASEDIR)\$(PRODUCTVERSION)\UserTools.proj" Condition="Exists('$(APPDATA)\Embarcadero\$(BDSAPPDATABASEDIR)\$(PRODUCTVERSION)\UserTools.proj')"/>
</Project>
